
Microsoft Visual Studio Solution File, Format Version 12.00
# Visual Studio Version 16
VisualStudioVersion = 16.0.31624.102
MinimumVisualStudioVersion = 10.0.40219.1
Project("{FAE04EC0-301F-11D3-BF4B-00C04F79EFBC}") = "ElectronInsertFactors", "ElectronInsertFactors\ElectronInsertFactors.csproj", "{ACA8569B-572C-4761-8592-8EC6A4F55A41}"
EndProject
Global
	GlobalSection(SolutionConfigurationPlatforms) = preSolution
		Debug|Any CPU = Debug|Any CPU
		Release|Any CPU = Release|Any CPU
	EndGlobalSection
	GlobalSection(ProjectConfigurationPlatforms) = postSolution
		{ACA8569B-572C-4761-8592-8EC6A4F55A41}.Debug|Any CPU.ActiveCfg = Debug|Any CPU
		{ACA8569B-572C-4761-8592-8EC6A4F55A41}.Debug|Any CPU.Build.0 = Debug|Any CPU
		{ACA8569B-572C-4761-8592-8EC6A4F55A41}.Release|Any CPU.ActiveCfg = Release|Any CPU
		{ACA8569B-572C-4761-8592-8EC6A4F55A41}.Release|Any CPU.Build.0 = Release|Any CPU
	EndGlobalSection
	GlobalSection(SolutionProperties) = preSolution
		HideSolutionNode = FALSE
	EndGlobalSection
	GlobalSection(ExtensibilityGlobals) = postSolution
		SolutionGuid = {E69179E0-7BEF-4396-9CAF-2D7E6E1F375A}
	EndGlobalSection
EndGlobal
